
Microsoft Visual Studio Solution File, Format Version 12.00
# Visual Studio 2013
VisualStudioVersion = 12.0.31101.0
MinimumVisualStudioVersion = 10.0.40219.1
Project("{FAE04EC0-301F-11D3-BF4B-00C04F79EFBC}") = "NewVevo", "NewVevo\NewVevo.csproj", "{D6407C1C-5D8F-4DC5-ADBB-F72F142053B5}"
EndProject
Project("{FAE04EC0-301F-11D3-BF4B-00C04F79EFBC}") = "NewVevo.Entity", "NewVevo.Entity\NewVevo.Entity.csproj", "{349E5C6D-652B-439E-9CC8-431F069C2256}"
EndProject
Global
	GlobalSection(SolutionConfigurationPlatforms) = preSolution
		Debug|Any CPU = Debug|Any CPU
		Release|Any CPU = Release|Any CPU
	EndGlobalSection
	GlobalSection(ProjectConfigurationPlatforms) = postSolution
		{D6407C1C-5D8F-4DC5-ADBB-F72F142053B5}.Debug|Any CPU.ActiveCfg = Debug|Any CPU
		{D6407C1C-5D8F-4DC5-ADBB-F72F142053B5}.Debug|Any CPU.Build.0 = Debug|Any CPU
		{D6407C1C-5D8F-4DC5-ADBB-F72F142053B5}.Release|Any CPU.ActiveCfg = Release|Any CPU
		{D6407C1C-5D8F-4DC5-ADBB-F72F142053B5}.Release|Any CPU.Build.0 = Release|Any CPU
		{349E5C6D-652B-439E-9CC8-431F069C2256}.Debug|Any CPU.ActiveCfg = Debug|Any CPU
		{349E5C6D-652B-439E-9CC8-431F069C2256}.Debug|Any CPU.Build.0 = Debug|Any CPU
		{349E5C6D-652B-439E-9CC8-431F069C2256}.Release|Any CPU.ActiveCfg = Release|Any CPU
		{349E5C6D-652B-439E-9CC8-431F069C2256}.Release|Any CPU.Build.0 = Release|Any CPU
	EndGlobalSection
	GlobalSection(SolutionProperties) = preSolution
		HideSolutionNode = FALSE
	EndGlobalSection
EndGlobal
